
Microsoft Visual Studio Solution File, Format Version 12.00
# Visual Studio Version 17
VisualStudioVersion = 17.13.35913.81
MinimumVisualStudioVersion = 10.0.40219.1
Project("{FAE04EC0-301F-11D3-BF4B-00C04F79EFBC}") = "TeknologiEksamenApp", "TeknologiEksamenApp\TeknologiEksamenApp.csproj", "{C8FAD47E-5A66-471B-A3A1-E3D9AA417408}"
EndProject
Global
	GlobalSection(SolutionConfigurationPlatforms) = preSolution
		Debug|Any CPU = Debug|Any CPU
		Release|Any CPU = Release|Any CPU
	EndGlobalSection
	GlobalSection(ProjectConfigurationPlatforms) = postSolution
		{C8FAD47E-5A66-471B-A3A1-E3D9AA417408}.Debug|Any CPU.ActiveCfg = Debug|Any CPU
		{C8FAD47E-5A66-471B-A3A1-E3D9AA417408}.Debug|Any CPU.Build.0 = Debug|Any CPU
		{C8FAD47E-5A66-471B-A3A1-E3D9AA417408}.Debug|Any CPU.Deploy.0 = Debug|Any CPU
		{C8FAD47E-5A66-471B-A3A1-E3D9AA417408}.Release|Any CPU.ActiveCfg = Release|Any CPU
		{C8FAD47E-5A66-471B-A3A1-E3D9AA417408}.Release|Any CPU.Build.0 = Release|Any CPU
	EndGlobalSection
	GlobalSection(SolutionProperties) = preSolution
		HideSolutionNode = FALSE
	EndGlobalSection
	GlobalSection(ExtensibilityGlobals) = postSolution
		SolutionGuid = {4D64C03B-C6AD-413A-BD68-A56E31C54E19}
	EndGlobalSection
EndGlobal
